
Microsoft Visual Studio Solution File, Format Version 12.00
# Visual Studio Version 17
VisualStudioVersion = 17.4.33213.308
MinimumVisualStudioVersion = 10.0.40219.1
Project("{FAE04EC0-301F-11D3-BF4B-00C04F79EFBC}") = "Unit Converter", "Unit Converter\Unit Converter.csproj", "{A71A8A98-F9EA-4EFF-9E44-8D1481BC7836}"
EndProject
Global
	GlobalSection(SolutionConfigurationPlatforms) = preSolution
		Debug|Any CPU = Debug|Any CPU
		Release|Any CPU = Release|Any CPU
	EndGlobalSection
	GlobalSection(ProjectConfigurationPlatforms) = postSolution
		{A71A8A98-F9EA-4EFF-9E44-8D1481BC7836}.Debug|Any CPU.ActiveCfg = Debug|Any CPU
		{A71A8A98-F9EA-4EFF-9E44-8D1481BC7836}.Debug|Any CPU.Build.0 = Debug|Any CPU
		{A71A8A98-F9EA-4EFF-9E44-8D1481BC7836}.Release|Any CPU.ActiveCfg = Release|Any CPU
		{A71A8A98-F9EA-4EFF-9E44-8D1481BC7836}.Release|Any CPU.Build.0 = Release|Any CPU
	EndGlobalSection
	GlobalSection(SolutionProperties) = preSolution
		HideSolutionNode = FALSE
	EndGlobalSection
	GlobalSection(ExtensibilityGlobals) = postSolution
		SolutionGuid = {BDE9F69E-5063-43F7-8C31-0B9415F1B172}
	EndGlobalSection
EndGlobal
